
Microsoft Visual Studio Solution File, Format Version 12.00
# Visual Studio Version 17
VisualStudioVersion = 17.0.31903.59
MinimumVisualStudioVersion = 10.0.40219.1
Project("{2150E333-8FDC-42A3-9474-1A3956D46DE8}") = "API", "API", "{D82C56D6-B2CD-F611-9E31-04638F7EC30E}"
EndProject
Project("{FAE04EC0-301F-11D3-BF4B-00C04F79EFBC}") = "NotificationService.API", "API\NotificationService.API.csproj", "{9FC26760-DA26-4243-B81E-BDDD2C465839}"
EndProject
Project("{2150E333-8FDC-42A3-9474-1A3956D46DE8}") = "Application", "Application", "{A74F262E-BDE7-D5D2-89E9-785413424D0A}"
EndProject
Project("{FAE04EC0-301F-11D3-BF4B-00C04F79EFBC}") = "NotificationService.Application", "Application\NotificationService.Application.csproj", "{FE9E3D6F-50DA-4C49-9804-03062B2DA0BF}"
EndProject
Project("{2150E333-8FDC-42A3-9474-1A3956D46DE8}") = "Domain", "Domain", "{996CEBED-A05B-5D42-3FF0-982E087A2599}"
EndProject
Project("{FAE04EC0-301F-11D3-BF4B-00C04F79EFBC}") = "NotificationService.Domain", "Domain\NotificationService.Domain.csproj", "{6A67D302-1AFA-404D-86DE-1FA92A3C27FA}"
EndProject
Project("{2150E333-8FDC-42A3-9474-1A3956D46DE8}") = "Infrastructure", "Infrastructure", "{DFEE68D8-A7D0-1A41-506C-9B74AA9A7B7B}"
EndProject
Project("{FAE04EC0-301F-11D3-BF4B-00C04F79EFBC}") = "NotificationService.Infrastructure", "Infrastructure\NotificationService.Infrastructure.csproj", "{CB7C66E1-F254-4429-B455-2EE54EEB2658}"
EndProject
Global
	GlobalSection(SolutionConfigurationPlatforms) = preSolution
		Debug|Any CPU = Debug|Any CPU
		Debug|x64 = Debug|x64
		Debug|x86 = Debug|x86
		Release|Any CPU = Release|Any CPU
		Release|x64 = Release|x64
		Release|x86 = Release|x86
	EndGlobalSection
	GlobalSection(ProjectConfigurationPlatforms) = postSolution
		{9FC26760-DA26-4243-B81E-BDDD2C465839}.Debug|Any CPU.ActiveCfg = Debug|Any CPU
		{9FC26760-DA26-4243-B81E-BDDD2C465839}.Debug|Any CPU.Build.0 = Debug|Any CPU
		{9FC26760-DA26-4243-B81E-BDDD2C465839}.Debug|x64.ActiveCfg = Debug|Any CPU
		{9FC26760-DA26-4243-B81E-BDDD2C465839}.Debug|x64.Build.0 = Debug|Any CPU
		{9FC26760-DA26-4243-B81E-BDDD2C465839}.Debug|x86.ActiveCfg = Debug|Any CPU
		{9FC26760-DA26-4243-B81E-BDDD2C465839}.Debug|x86.Build.0 = Debug|Any CPU
		{9FC26760-DA26-4243-B81E-BDDD2C465839}.Release|Any CPU.ActiveCfg = Release|Any CPU
		{9FC26760-DA26-4243-B81E-BDDD2C465839}.Release|Any CPU.Build.0 = Release|Any CPU
		{9FC26760-DA26-4243-B81E-BDDD2C465839}.Release|x64.ActiveCfg = Release|Any CPU
		{9FC26760-DA26-4243-B81E-BDDD2C465839}.Release|x64.Build.0 = Release|Any CPU
		{9FC26760-DA26-4243-B81E-BDDD2C465839}.Release|x86.ActiveCfg = Release|Any CPU
		{9FC26760-DA26-4243-B81E-BDDD2C465839}.Release|x86.Build.0 = Release|Any CPU
		{FE9E3D6F-50DA-4C49-9804-03062B2DA0BF}.Debug|Any CPU.ActiveCfg = Debug|Any CPU
		{FE9E3D6F-50DA-4C49-9804-03062B2DA0BF}.Debug|Any CPU.Build.0 = Debug|Any CPU
		{FE9E3D6F-50DA-4C49-9804-03062B2DA0BF}.Debug|x64.ActiveCfg = Debug|Any CPU
		{FE9E3D6F-50DA-4C49-9804-03062B2DA0BF}.Debug|x64.Build.0 = Debug|Any CPU
		{FE9E3D6F-50DA-4C49-9804-03062B2DA0BF}.Debug|x86.ActiveCfg = Debug|Any CPU
		{FE9E3D6F-50DA-4C49-9804-03062B2DA0BF}.Debug|x86.Build.0 = Debug|Any CPU
		{FE9E3D6F-50DA-4C49-9804-03062B2DA0BF}.Release|Any CPU.ActiveCfg = Release|Any CPU
		{FE9E3D6F-50DA-4C49-9804-03062B2DA0BF}.Release|Any CPU.Build.0 = Release|Any CPU
		{FE9E3D6F-50DA-4C49-9804-03062B2DA0BF}.Release|x64.ActiveCfg = Release|Any CPU
		{FE9E3D6F-50DA-4C49-9804-03062B2DA0BF}.Release|x64.Build.0 = Release|Any CPU
		{FE9E3D6F-50DA-4C49-9804-03062B2DA0BF}.Release|x86.ActiveCfg = Release|Any CPU
		{FE9E3D6F-50DA-4C49-9804-03062B2DA0BF}.Release|x86.Build.0 = Release|Any CPU
		{6A67D302-1AFA-404D-86DE-1FA92A3C27FA}.Debug|Any CPU.ActiveCfg = Debug|Any CPU
		{6A67D302-1AFA-404D-86DE-1FA92A3C27FA}.Debug|Any CPU.Build.0 = Debug|Any CPU
		{6A67D302-1AFA-404D-86DE-1FA92A3C27FA}.Debug|x64.ActiveCfg = Debug|Any CPU
		{6A67D302-1AFA-404D-86DE-1FA92A3C27FA}.Debug|x64.Build.0 = Debug|Any CPU
		{6A67D302-1AFA-404D-86DE-1FA92A3C27FA}.Debug|x86.ActiveCfg = Debug|Any CPU
		{6A67D302-1AFA-404D-86DE-1FA92A3C27FA}.Debug|x86.Build.0 = Debug|Any CPU
		{6A67D302-1AFA-404D-86DE-1FA92A3C27FA}.Release|Any CPU.ActiveCfg = Release|Any CPU
		{6A67D302-1AFA-404D-86DE-1FA92A3C27FA}.Release|Any CPU.Build.0 = Release|Any CPU
		{6A67D302-1AFA-404D-86DE-1FA92A3C27FA}.Release|x64.ActiveCfg = Release|Any CPU
		{6A67D302-1AFA-404D-86DE-1FA92A3C27FA}.Release|x64.Build.0 = Release|Any CPU
		{6A67D302-1AFA-404D-86DE-1FA92A3C27FA}.Release|x86.ActiveCfg = Release|Any CPU
		{6A67D302-1AFA-404D-86DE-1FA92A3C27FA}.Release|x86.Build.0 = Release|Any CPU
		{CB7C66E1-F254-4429-B455-2EE54EEB2658}.Debug|Any CPU.ActiveCfg = Debug|Any CPU
		{CB7C66E1-F254-4429-B455-2EE54EEB2658}.Debug|Any CPU.Build.0 = Debug|Any CPU
		{CB7C66E1-F254-4429-B455-2EE54EEB2658}.Debug|x64.ActiveCfg = Debug|Any CPU
		{CB7C66E1-F254-4429-B455-2EE54EEB2658}.Debug|x64.Build.0 = Debug|Any CPU
		{CB7C66E1-F254-4429-B455-2EE54EEB2658}.Debug|x86.ActiveCfg = Debug|Any CPU
		{CB7C66E1-F254-4429-B455-2EE54EEB2658}.Debug|x86.Build.0 = Debug|Any CPU
		{CB7C66E1-F254-4429-B455-2EE54EEB2658}.Release|Any CPU.ActiveCfg = Release|Any CPU
		{CB7C66E1-F254-4429-B455-2EE54EEB2658}.Release|Any CPU.Build.0 = Release|Any CPU
		{CB7C66E1-F254-4429-B455-2EE54EEB2658}.Release|x64.ActiveCfg = Release|Any CPU
		{CB7C66E1-F254-4429-B455-2EE54EEB2658}.Release|x64.Build.0 = Release|Any CPU
		{CB7C66E1-F254-4429-B455-2EE54EEB2658}.Release|x86.ActiveCfg = Release|Any CPU
		{CB7C66E1-F254-4429-B455-2EE54EEB2658}.Release|x86.Build.0 = Release|Any CPU
	EndGlobalSection
	GlobalSection(SolutionProperties) = preSolution
		HideSolutionNode = FALSE
	EndGlobalSection
	GlobalSection(NestedProjects) = preSolution
		{9FC26760-DA26-4243-B81E-BDDD2C465839} = {D82C56D6-B2CD-F611-9E31-04638F7EC30E}
		{FE9E3D6F-50DA-4C49-9804-03062B2DA0BF} = {A74F262E-BDE7-D5D2-89E9-785413424D0A}
		{6A67D302-1AFA-404D-86DE-1FA92A3C27FA} = {996CEBED-A05B-5D42-3FF0-982E087A2599}
		{CB7C66E1-F254-4429-B455-2EE54EEB2658} = {DFEE68D8-A7D0-1A41-506C-9B74AA9A7B7B}
	EndGlobalSection
EndGlobal
